
Microsoft Visual Studio Solution File, Format Version 12.00
# Visual Studio Version 17
VisualStudioVersion = 17.2.32526.322
MinimumVisualStudioVersion = 10.0.40219.1
Project("{2150E333-8FDC-42A3-9474-1A3956D46DE8}") = "01.API", "01.API", "{C826B245-0BE2-4E2B-9DB0-79DC87EE4C13}"
EndProject
Project("{2150E333-8FDC-42A3-9474-1A3956D46DE8}") = "02.Application", "02.Application", "{A4DEDE00-E674-47EC-8409-5B1E3F22AE05}"
EndProject
Project("{2150E333-8FDC-42A3-9474-1A3956D46DE8}") = "03.Infraestructure", "03.Infraestructure", "{43240E30-C407-4299-BA2C-8F89D11B7618}"
EndProject
Project("{2150E333-8FDC-42A3-9474-1A3956D46DE8}") = "04.Models", "04.Models", "{56E3327A-18A4-4747-BDA4-7460B03AE0B5}"
EndProject
Project("{9A19103F-16F7-4668-BE54-9A1E7A4F7556}") = "Jazani.Domain", "Jazani.Domain\Jazani.Domain.csproj", "{079CC9CE-FCF2-459B-8F8A-2E50E53423E7}"
EndProject
Project("{9A19103F-16F7-4668-BE54-9A1E7A4F7556}") = "Jazani.Infraestructure", "Jazani.Infraestructura\Jazani.Infraestructure.csproj", "{E381EDAD-562C-48D7-AD10-841CE560BEC4}"
EndProject
Project("{9A19103F-16F7-4668-BE54-9A1E7A4F7556}") = "Jazani.Application", "Jazani.Application\Jazani.Application.csproj", "{985CA8ED-063E-44D7-AF4D-592F16DBD408}"
EndProject
Project("{9A19103F-16F7-4668-BE54-9A1E7A4F7556}") = "Jazani.Api", "Jazani.Api\Jazani.Api.csproj", "{90914B04-7E14-4F68-BE49-64874A54662D}"
EndProject
Project("{9A19103F-16F7-4668-BE54-9A1E7A4F7556}") = "Jazani.Core", "Jazani.Core\Jazani.Core.csproj", "{DF21E125-5D65-4AC2-8003-D99BF1F08BC6}"
EndProject
Project("{2150E333-8FDC-42A3-9474-1A3956D46DE8}") = "05.Test", "05.Test", "{3BDEB5F6-DA8B-4F82-BDAB-2F498CA88054}"
EndProject
Project("{FAE04EC0-301F-11D3-BF4B-00C04F79EFBC}") = "Jazani.UnitTest", "Jazani.UnitTest\Jazani.UnitTest.csproj", "{1BE53CAD-7D6F-4599-A67F-EA05FA9F5844}"
EndProject
Global
	GlobalSection(SolutionConfigurationPlatforms) = preSolution
		Debug|Any CPU = Debug|Any CPU
		Release|Any CPU = Release|Any CPU
	EndGlobalSection
	GlobalSection(ProjectConfigurationPlatforms) = postSolution
		{079CC9CE-FCF2-459B-8F8A-2E50E53423E7}.Debug|Any CPU.ActiveCfg = Debug|Any CPU
		{079CC9CE-FCF2-459B-8F8A-2E50E53423E7}.Debug|Any CPU.Build.0 = Debug|Any CPU
		{079CC9CE-FCF2-459B-8F8A-2E50E53423E7}.Release|Any CPU.ActiveCfg = Release|Any CPU
		{079CC9CE-FCF2-459B-8F8A-2E50E53423E7}.Release|Any CPU.Build.0 = Release|Any CPU
		{E381EDAD-562C-48D7-AD10-841CE560BEC4}.Debug|Any CPU.ActiveCfg = Debug|Any CPU
		{E381EDAD-562C-48D7-AD10-841CE560BEC4}.Debug|Any CPU.Build.0 = Debug|Any CPU
		{E381EDAD-562C-48D7-AD10-841CE560BEC4}.Release|Any CPU.ActiveCfg = Release|Any CPU
		{E381EDAD-562C-48D7-AD10-841CE560BEC4}.Release|Any CPU.Build.0 = Release|Any CPU
		{985CA8ED-063E-44D7-AF4D-592F16DBD408}.Debug|Any CPU.ActiveCfg = Debug|Any CPU
		{985CA8ED-063E-44D7-AF4D-592F16DBD408}.Debug|Any CPU.Build.0 = Debug|Any CPU
		{985CA8ED-063E-44D7-AF4D-592F16DBD408}.Release|Any CPU.ActiveCfg = Release|Any CPU
		{985CA8ED-063E-44D7-AF4D-592F16DBD408}.Release|Any CPU.Build.0 = Release|Any CPU
		{90914B04-7E14-4F68-BE49-64874A54662D}.Debug|Any CPU.ActiveCfg = Debug|Any CPU
		{90914B04-7E14-4F68-BE49-64874A54662D}.Debug|Any CPU.Build.0 = Debug|Any CPU
		{90914B04-7E14-4F68-BE49-64874A54662D}.Release|Any CPU.ActiveCfg = Release|Any CPU
		{90914B04-7E14-4F68-BE49-64874A54662D}.Release|Any CPU.Build.0 = Release|Any CPU
		{DF21E125-5D65-4AC2-8003-D99BF1F08BC6}.Debug|Any CPU.ActiveCfg = Debug|Any CPU
		{DF21E125-5D65-4AC2-8003-D99BF1F08BC6}.Debug|Any CPU.Build.0 = Debug|Any CPU
		{DF21E125-5D65-4AC2-8003-D99BF1F08BC6}.Release|Any CPU.ActiveCfg = Release|Any CPU
		{DF21E125-5D65-4AC2-8003-D99BF1F08BC6}.Release|Any CPU.Build.0 = Release|Any CPU
		{1BE53CAD-7D6F-4599-A67F-EA05FA9F5844}.Debug|Any CPU.ActiveCfg = Debug|Any CPU
		{1BE53CAD-7D6F-4599-A67F-EA05FA9F5844}.Debug|Any CPU.Build.0 = Debug|Any CPU
		{1BE53CAD-7D6F-4599-A67F-EA05FA9F5844}.Release|Any CPU.ActiveCfg = Release|Any CPU
		{1BE53CAD-7D6F-4599-A67F-EA05FA9F5844}.Release|Any CPU.Build.0 = Release|Any CPU
	EndGlobalSection
	GlobalSection(SolutionProperties) = preSolution
		HideSolutionNode = FALSE
	EndGlobalSection
	GlobalSection(NestedProjects) = preSolution
		{079CC9CE-FCF2-459B-8F8A-2E50E53423E7} = {56E3327A-18A4-4747-BDA4-7460B03AE0B5}
		{E381EDAD-562C-48D7-AD10-841CE560BEC4} = {43240E30-C407-4299-BA2C-8F89D11B7618}
		{985CA8ED-063E-44D7-AF4D-592F16DBD408} = {A4DEDE00-E674-47EC-8409-5B1E3F22AE05}
		{90914B04-7E14-4F68-BE49-64874A54662D} = {C826B245-0BE2-4E2B-9DB0-79DC87EE4C13}
		{DF21E125-5D65-4AC2-8003-D99BF1F08BC6} = {56E3327A-18A4-4747-BDA4-7460B03AE0B5}
		{1BE53CAD-7D6F-4599-A67F-EA05FA9F5844} = {3BDEB5F6-DA8B-4F82-BDAB-2F498CA88054}
	EndGlobalSection
	GlobalSection(ExtensibilityGlobals) = postSolution
		SolutionGuid = {E0AF5BE7-8EBA-4C0E-8906-16BB611BD2B8}
	EndGlobalSection
EndGlobal
